
Microsoft Visual Studio Solution File, Format Version 12.00
# Visual Studio Version 16
VisualStudioVersion = 16.0.30907.101
MinimumVisualStudioVersion = 10.0.40219.1
Project("{FAE04EC0-301F-11D3-BF4B-00C04F79EFBC}") = "Etherscan Assigment", "Etherscan Assigment\Etherscan Assigment.csproj", "{C81C2BA1-354C-4FDF-B7AF-3E3F49F948CC}"
EndProject
Global
	GlobalSection(SolutionConfigurationPlatforms) = preSolution
		Debug|Any CPU = Debug|Any CPU
		Release|Any CPU = Release|Any CPU
	EndGlobalSection
	GlobalSection(ProjectConfigurationPlatforms) = postSolution
		{C81C2BA1-354C-4FDF-B7AF-3E3F49F948CC}.Debug|Any CPU.ActiveCfg = Debug|Any CPU
		{C81C2BA1-354C-4FDF-B7AF-3E3F49F948CC}.Debug|Any CPU.Build.0 = Debug|Any CPU
		{C81C2BA1-354C-4FDF-B7AF-3E3F49F948CC}.Release|Any CPU.ActiveCfg = Release|Any CPU
		{C81C2BA1-354C-4FDF-B7AF-3E3F49F948CC}.Release|Any CPU.Build.0 = Release|Any CPU
	EndGlobalSection
	GlobalSection(SolutionProperties) = preSolution
		HideSolutionNode = FALSE
	EndGlobalSection
	GlobalSection(ExtensibilityGlobals) = postSolution
		SolutionGuid = {36D13165-7AFE-4632-8EF2-61131FCFD3D7}
	EndGlobalSection
EndGlobal
